
Microsoft Visual Studio Solution File, Format Version 12.00
# Visual Studio Version 17
VisualStudioVersion = 17.9.34607.119
MinimumVisualStudioVersion = 10.0.40219.1
Project("{FAE04EC0-301F-11D3-BF4B-00C04F79EFBC}") = "FindPrime24", "FindPrime24\FindPrime24.csproj", "{C7C8B0F9-D789-4833-8FFC-8A4F1E80FD32}"
EndProject
Global
	GlobalSection(SolutionConfigurationPlatforms) = preSolution
		Debug|Any CPU = Debug|Any CPU
		Release|Any CPU = Release|Any CPU
	EndGlobalSection
	GlobalSection(ProjectConfigurationPlatforms) = postSolution
		{C7C8B0F9-D789-4833-8FFC-8A4F1E80FD32}.Debug|Any CPU.ActiveCfg = Debug|Any CPU
		{C7C8B0F9-D789-4833-8FFC-8A4F1E80FD32}.Debug|Any CPU.Build.0 = Debug|Any CPU
		{C7C8B0F9-D789-4833-8FFC-8A4F1E80FD32}.Release|Any CPU.ActiveCfg = Release|Any CPU
		{C7C8B0F9-D789-4833-8FFC-8A4F1E80FD32}.Release|Any CPU.Build.0 = Release|Any CPU
	EndGlobalSection
	GlobalSection(SolutionProperties) = preSolution
		HideSolutionNode = FALSE
	EndGlobalSection
	GlobalSection(ExtensibilityGlobals) = postSolution
		SolutionGuid = {5CD91F3F-6B3C-4DFC-968C-AD7F49579940}
	EndGlobalSection
EndGlobal
